
Microsoft Visual Studio Solution File, Format Version 12.00
# Visual Studio 15
VisualStudioVersion = 15.0.28010.2026
MinimumVisualStudioVersion = 10.0.40219.1
Project("{FAE04EC0-301F-11D3-BF4B-00C04F79EFBC}") = "XyzApi", "XyzApi\XyzApi.csproj", "{1C81B679-73C9-4460-AE4A-00AB98C89B8C}"
EndProject
Project("{FAE04EC0-301F-11D3-BF4B-00C04F79EFBC}") = "XyzApiTest", "XyzApiTest\XyzApiTest.csproj", "{49A543B7-78CA-4537-B84B-CD09ACDA164C}"
	ProjectSection(ProjectDependencies) = postProject
		{1C81B679-73C9-4460-AE4A-00AB98C89B8C} = {1C81B679-73C9-4460-AE4A-00AB98C89B8C}
	EndProjectSection
EndProject
Global
	GlobalSection(SolutionConfigurationPlatforms) = preSolution
		Debug|Any CPU = Debug|Any CPU
		Release|Any CPU = Release|Any CPU
	EndGlobalSection
	GlobalSection(ProjectConfigurationPlatforms) = postSolution
		{1C81B679-73C9-4460-AE4A-00AB98C89B8C}.Debug|Any CPU.ActiveCfg = Debug|Any CPU
		{1C81B679-73C9-4460-AE4A-00AB98C89B8C}.Debug|Any CPU.Build.0 = Debug|Any CPU
		{1C81B679-73C9-4460-AE4A-00AB98C89B8C}.Release|Any CPU.ActiveCfg = Release|Any CPU
		{1C81B679-73C9-4460-AE4A-00AB98C89B8C}.Release|Any CPU.Build.0 = Release|Any CPU
		{49A543B7-78CA-4537-B84B-CD09ACDA164C}.Debug|Any CPU.ActiveCfg = Debug|Any CPU
		{49A543B7-78CA-4537-B84B-CD09ACDA164C}.Debug|Any CPU.Build.0 = Debug|Any CPU
		{49A543B7-78CA-4537-B84B-CD09ACDA164C}.Release|Any CPU.ActiveCfg = Release|Any CPU
		{49A543B7-78CA-4537-B84B-CD09ACDA164C}.Release|Any CPU.Build.0 = Release|Any CPU
	EndGlobalSection
	GlobalSection(SolutionProperties) = preSolution
		HideSolutionNode = FALSE
	EndGlobalSection
	GlobalSection(ExtensibilityGlobals) = postSolution
		SolutionGuid = {03CE0841-FDDD-4F4F-AEF6-CE0FABC3C9EE}
	EndGlobalSection
EndGlobal
